<?xml version="1.0" encoding="utf-8"?>
<Project ToolsVersion="4.0" xmlns="http://schemas.microsoft.com/developer/msbuild/2003">
  <ItemGroup>
    <Filter Include="源文件">
      <UniqueIdentifier>{4FC737F1-C7A5-4376-A066-2A32D752A2FF}</UniqueIdentifier>
      <Extensions>cpp;c;cc;cxx;def;odl;idl;hpj;bat;asm;asmx</Extensions>
    </Filter>
    <Filter Include="头文件">
      <UniqueIdentifier>{93995380-89BD-4b04-88EB-625FBE52EBFB}</UniqueIdentifier>
      <Extensions>h;hh;hpp;hxx;hm;inl;inc;xsd</Extensions>
    </Filter>
    <Filter Include="资源文件">
      <UniqueIdentifier>{67DA6AB6-F800-4c08-8B7A-83BB121AAD01}</UniqueIdentifier>
      <Extensions>rc;ico;cur;bmp;dlg;rc2;rct;bin;rgs;gif;jpg;jpeg;jpe;resx;tiff;tif;png;wav;mfcribbon-ms</Extensions>
    </Filter>
    <Filter Include="头文件\Math">
      <UniqueIdentifier>{649453fb-b807-41f6-92b4-4cd09525dfa2}</UniqueIdentifier>
    </Filter>
    <Filter Include="源文件\Math">
      <UniqueIdentifier>{8e3aad55-a943-4a31-9e21-6f2f23cab449}</UniqueIdentifier>
    </Filter>
    <Filter Include="头文件\ThirdParty">
      <UniqueIdentifier>{2d3cd7c9-7d96-4b40-9a39-2369474552b5}</UniqueIdentifier>
    </Filter>
    <Filter Include="头文件\ThirdParty\rapidjson">
      <UniqueIdentifier>{e4cad2fb-4ab6-46ae-9ae3-e56dc5dd5ec0}</UniqueIdentifier>
    </Filter>
    <Filter Include="头文件\ThirdParty\rapidjson\error">
      <UniqueIdentifier>{861c67ea-ee05-4fe6-b0f9-55287d0cd5bb}</UniqueIdentifier>
    </Filter>
    <Filter Include="头文件\ThirdParty\rapidjson\internal">
      <UniqueIdentifier>{eaabb25b-009d-4c66-b811-cc0feff3b088}</UniqueIdentifier>
    </Filter>
    <Filter Include="头文件\ThirdParty\rapidjson\msinttypes">
      <UniqueIdentifier>{35e863d1-dd33-4835-898f-ecb46f9d6bb4}</UniqueIdentifier>
    </Filter>
    <Filter Include="源文件\Framework">
      <UniqueIdentifier>{8e769b08-08cd-402f-8c9a-57136d63de76}</UniqueIdentifier>
    </Filter>
    <Filter Include="头文件\Framework">
      <UniqueIdentifier>{c95ca2f8-482e-4da1-b517-a150d76e99a9}</UniqueIdentifier>
    </Filter>
    <Filter Include="头文件\Framework\Win">
      <UniqueIdentifier>{82460ad2-d920-4980-9ee1-52df6a9cadc0}</UniqueIdentifier>
    </Filter>
    <Filter Include="源文件\Framework\Win">
      <UniqueIdentifier>{5fc0c6d5-c390-48f9-bf4a-4fb7a76d00b9}</UniqueIdentifier>
    </Filter>
    <Filter Include="头文件\Framework\Direct">
      <UniqueIdentifier>{b43a51f2-c085-4801-b0ff-5b9828bbe329}</UniqueIdentifier>
    </Filter>
    <Filter Include="源文件\Framework\Direct">
      <UniqueIdentifier>{d01a029f-5e6e-4010-9fdd-51faa1d8a3be}</UniqueIdentifier>
    </Filter>
    <Filter Include="源文件\Framework\FunctionalLibrary">
      <UniqueIdentifier>{613baeee-0bd3-44b2-8667-ec390f452d15}</UniqueIdentifier>
    </Filter>
    <Filter Include="头文件\Framework\FunctionalLibrary">
      <UniqueIdentifier>{c0f75a5f-a636-4a16-b51b-209132e4f3ac}</UniqueIdentifier>
    </Filter>
    <Filter Include="源文件\Framework\GameWorld">
      <UniqueIdentifier>{61bfb609-8fe6-46f8-8aab-d4fe0e1956a7}</UniqueIdentifier>
    </Filter>
    <Filter Include="头文件\Framework\GameWorld">
      <UniqueIdentifier>{4fa2917d-f58a-4483-9a69-c7736a73b401}</UniqueIdentifier>
    </Filter>
    <Filter Include="头文件\Interfaces">
      <UniqueIdentifier>{dbf8fae6-ee76-4f1c-8f48-830117829079}</UniqueIdentifier>
    </Filter>
    <Filter Include="源文件\ThirdParty">
      <UniqueIdentifier>{053c2fb2-50e2-4b67-a4dd-f92483712176}</UniqueIdentifier>
    </Filter>
    <Filter Include="头文件\Framework\GameWorld\Objects">
      <UniqueIdentifier>{a43934ba-0dcd-42cc-b2a1-87dd2a753451}</UniqueIdentifier>
    </Filter>
    <Filter Include="源文件\Framework\GameWorld\Objects">
      <UniqueIdentifier>{28c25eed-f26a-4fe2-b3d1-033c86df6624}</UniqueIdentifier>
    </Filter>
    <Filter Include="头文件\Framework\FunctionalLibrary\Time">
      <UniqueIdentifier>{71a95aa7-a708-4e9c-98ab-98c6f63d7696}</UniqueIdentifier>
    </Filter>
    <Filter Include="源文件\Framework\FunctionalLibrary\Time">
      <UniqueIdentifier>{c4cf041c-f8ed-4a75-b247-6636949a9120}</UniqueIdentifier>
    </Filter>
  </ItemGroup>
  <ItemGroup>
    <ClInclude Include="stdafx.h">
      <Filter>头文件</Filter>
    </ClInclude>
    <ClInclude Include="targetver.h">
      <Filter>头文件</Filter>
    </ClInclude>
    <ClInclude Include="GameProj.h">
      <Filter>头文件</Filter>
    </ClInclude>
    <ClInclude Include="Math.h">
      <Filter>头文件\Math</Filter>
    </ClInclude>
    <ClInclude Include="ThirdParty\rapidjson\allocators.h">
      <Filter>头文件\ThirdParty\rapidjson</Filter>
    </ClInclude>
    <ClInclude Include="ThirdParty\rapidjson\cursorstreamwrapper.h">
      <Filter>头文件\ThirdParty\rapidjson</Filter>
    </ClInclude>
    <ClInclude Include="ThirdParty\rapidjson\document.h">
      <Filter>头文件\ThirdParty\rapidjson</Filter>
    </ClInclude>
    <ClInclude Include="ThirdParty\rapidjson\encodedstream.h">
      <Filter>头文件\ThirdParty\rapidjson</Filter>
    </ClInclude>
    <ClInclude Include="ThirdParty\rapidjson\encodings.h">
      <Filter>头文件\ThirdParty\rapidjson</Filter>
    </ClInclude>
    <ClInclude Include="ThirdParty\rapidjson\filereadstream.h">
      <Filter>头文件\ThirdParty\rapidjson</Filter>
    </ClInclude>
    <ClInclude Include="ThirdParty\rapidjson\filewritestream.h">
      <Filter>头文件\ThirdParty\rapidjson</Filter>
    </ClInclude>
    <ClInclude Include="ThirdParty\rapidjson\fwd.h">
      <Filter>头文件\ThirdParty\rapidjson</Filter>
    </ClInclude>
    <ClInclude Include="ThirdParty\rapidjson\istreamwrapper.h">
      <Filter>头文件\ThirdParty\rapidjson</Filter>
    </ClInclude>
    <ClInclude Include="ThirdParty\rapidjson\memorybuffer.h">
      <Filter>头文件\ThirdParty\rapidjson</Filter>
    </ClInclude>
    <ClInclude Include="ThirdParty\rapidjson\memorystream.h">
      <Filter>头文件\ThirdParty\rapidjson</Filter>
    </ClInclude>
    <ClInclude Include="ThirdParty\rapidjson\ostreamwrapper.h">
      <Filter>头文件\ThirdParty\rapidjson</Filter>
    </ClInclude>
    <ClInclude Include="ThirdParty\rapidjson\pointer.h">
      <Filter>头文件\ThirdParty\rapidjson</Filter>
    </ClInclude>
    <ClInclude Include="ThirdParty\rapidjson\prettywriter.h">
      <Filter>头文件\ThirdParty\rapidjson</Filter>
    </ClInclude>
    <ClInclude Include="ThirdParty\rapidjson\rapidjson.h">
      <Filter>头文件\ThirdParty\rapidjson</Filter>
    </ClInclude>
    <ClInclude Include="ThirdParty\rapidjson\reader.h">
      <Filter>头文件\ThirdParty\rapidjson</Filter>
    </ClInclude>
    <ClInclude Include="ThirdParty\rapidjson\schema.h">
      <Filter>头文件\ThirdParty\rapidjson</Filter>
    </ClInclude>
    <ClInclude Include="ThirdParty\rapidjson\stream.h">
      <Filter>头文件\ThirdParty\rapidjson</Filter>
    </ClInclude>
    <ClInclude Include="ThirdParty\rapidjson\stringbuffer.h">
      <Filter>头文件\ThirdParty\rapidjson</Filter>
    </ClInclude>
    <ClInclude Include="ThirdParty\rapidjson\writer.h">
      <Filter>头文件\ThirdParty\rapidjson</Filter>
    </ClInclude>
    <ClInclude Include="ThirdParty\rapidjson\error\en.h">
      <Filter>头文件\ThirdParty\rapidjson\error</Filter>
    </ClInclude>
    <ClInclude Include="ThirdParty\rapidjson\error\error.h">
      <Filter>头文件\ThirdParty\rapidjson\error</Filter>
    </ClInclude>
    <ClInclude Include="ThirdParty\rapidjson\internal\biginteger.h">
      <Filter>头文件\ThirdParty\rapidjson\internal</Filter>
    </ClInclude>
    <ClInclude Include="ThirdParty\rapidjson\internal\diyfp.h">
      <Filter>头文件\ThirdParty\rapidjson\internal</Filter>
    </ClInclude>
    <ClInclude Include="ThirdParty\rapidjson\internal\dtoa.h">
      <Filter>头文件\ThirdParty\rapidjson\internal</Filter>
    </ClInclude>
    <ClInclude Include="ThirdParty\rapidjson\internal\ieee754.h">
      <Filter>头文件\ThirdParty\rapidjson\internal</Filter>
    </ClInclude>
    <ClInclude Include="ThirdParty\rapidjson\internal\itoa.h">
      <Filter>头文件\ThirdParty\rapidjson\internal</Filter>
    </ClInclude>
    <ClInclude Include="ThirdParty\rapidjson\internal\meta.h">
      <Filter>头文件\ThirdParty\rapidjson\internal</Filter>
    </ClInclude>
    <ClInclude Include="ThirdParty\rapidjson\internal\pow10.h">
      <Filter>头文件\ThirdParty\rapidjson\internal</Filter>
    </ClInclude>
    <ClInclude Include="ThirdParty\rapidjson\internal\regex.h">
      <Filter>头文件\ThirdParty\rapidjson\internal</Filter>
    </ClInclude>
    <ClInclude Include="ThirdParty\rapidjson\internal\stack.h">
      <Filter>头文件\ThirdParty\rapidjson\internal</Filter>
    </ClInclude>
    <ClInclude Include="ThirdParty\rapidjson\internal\strfunc.h">
      <Filter>头文件\ThirdParty\rapidjson\internal</Filter>
    </ClInclude>
    <ClInclude Include="ThirdParty\rapidjson\internal\strtod.h">
      <Filter>头文件\ThirdParty\rapidjson\internal</Filter>
    </ClInclude>
    <ClInclude Include="ThirdParty\rapidjson\internal\swap.h">
      <Filter>头文件\ThirdParty\rapidjson\internal</Filter>
    </ClInclude>
    <ClInclude Include="ThirdParty\rapidjson\msinttypes\inttypes.h">
      <Filter>头文件\ThirdParty\rapidjson\msinttypes</Filter>
    </ClInclude>
    <ClInclude Include="ThirdParty\rapidjson\msinttypes\stdint.h">
      <Filter>头文件\ThirdParty\rapidjson\msinttypes</Filter>
    </ClInclude>
    <ClInclude Include="WindowApplicationBase.h">
      <Filter>头文件\Framework\Win</Filter>
    </ClInclude>
    <ClInclude Include="DirectUtility.h">
      <Filter>头文件\Framework\Direct</Filter>
    </ClInclude>
    <ClInclude Include="DirectApplicationBase.h">
      <Filter>头文件\Framework\Direct</Filter>
    </ClInclude>
    <ClInclude Include="HIDInput.h">
      <Filter>头文件\Framework\Direct</Filter>
    </ClInclude>
    <ClInclude Include="String.h">
      <Filter>头文件\Framework\FunctionalLibrary</Filter>
    </ClInclude>
    <ClInclude Include="FileIO.h">
      <Filter>头文件\Framework\FunctionalLibrary</Filter>
    </ClInclude>
    <ClInclude Include="GameWorld.h">
      <Filter>头文件\Framework\GameWorld</Filter>
    </ClInclude>
    <ClInclude Include="Texture.h">
      <Filter>头文件\Framework\FunctionalLibrary</Filter>
    </ClInclude>
    <ClInclude Include="PerformSystem.h">
      <Filter>头文件\Framework\GameWorld</Filter>
    </ClInclude>
    <ClInclude Include="IStringPerformable.h">
      <Filter>头文件\Interfaces</Filter>
    </ClInclude>
    <ClInclude Include="GameApplication.h">
      <Filter>头文件</Filter>
    </ClInclude>
    <ClInclude Include="Actor.h">
      <Filter>头文件\Framework\GameWorld\Objects</Filter>
    </ClInclude>
    <ClInclude Include="TestSquare.h">
      <Filter>头文件</Filter>
    </ClInclude>
    <ClInclude Include="Transform.h">
      <Filter>头文件\Math</Filter>
    </ClInclude>
    <ClInclude Include="Config.h">
      <Filter>头文件\Framework\FunctionalLibrary</Filter>
    </ClInclude>
    <ClInclude Include="TimeUtility.h">
      <Filter>头文件\Framework\FunctionalLibrary\Time</Filter>
    </ClInclude>
    <ClInclude Include="Timer.h">
      <Filter>头文件\Framework\FunctionalLibrary\Time</Filter>
    </ClInclude>
    <ClInclude Include="TimeFormatter.h">
      <Filter>头文件\Framework\FunctionalLibrary\Time</Filter>
    </ClInclude>
    <ClInclude Include="Log.h">
      <Filter>头文件\Framework\FunctionalLibrary</Filter>
    </ClInclude>
  </ItemGroup>
  <ItemGroup>
    <ClCompile Include="stdafx.cpp">
      <Filter>源文件</Filter>
    </ClCompile>
    <ClCompile Include="GameProj.cpp">
      <Filter>源文件</Filter>
    </ClCompile>
    <ClCompile Include="Math.cpp">
      <Filter>源文件\Math</Filter>
    </ClCompile>
    <ClCompile Include="WindowApplicationBase.cpp">
      <Filter>源文件\Framework\Win</Filter>
    </ClCompile>
    <ClCompile Include="DirectUtility.cpp">
      <Filter>源文件\Framework\Direct</Filter>
    </ClCompile>
    <ClCompile Include="DirectApplicationBase.cpp">
      <Filter>源文件\Framework\Direct</Filter>
    </ClCompile>
    <ClCompile Include="HIDInput.cpp">
      <Filter>源文件\Framework\Direct</Filter>
    </ClCompile>
    <ClCompile Include="String.cpp">
      <Filter>源文件\Framework\FunctionalLibrary</Filter>
    </ClCompile>
    <ClCompile Include="FileIO.cpp">
      <Filter>源文件\Framework\FunctionalLibrary</Filter>
    </ClCompile>
    <ClCompile Include="GameWorld.cpp">
      <Filter>源文件\Framework\GameWorld</Filter>
    </ClCompile>
    <ClCompile Include="Texture.cpp">
      <Filter>源文件\Framework\FunctionalLibrary</Filter>
    </ClCompile>
    <ClCompile Include="PerformSystem.cpp">
      <Filter>源文件\Framework\GameWorld</Filter>
    </ClCompile>
    <ClCompile Include="GameApplication.cpp">
      <Filter>源文件</Filter>
    </ClCompile>
    <ClCompile Include="Actor.cpp">
      <Filter>源文件\Framework\GameWorld\Objects</Filter>
    </ClCompile>
    <ClCompile Include="TestSquare.cpp">
      <Filter>源文件</Filter>
    </ClCompile>
    <ClCompile Include="Transform.cpp">
      <Filter>源文件\Math</Filter>
    </ClCompile>
    <ClCompile Include="Config.cpp">
      <Filter>源文件\Framework\FunctionalLibrary</Filter>
    </ClCompile>
    <ClCompile Include="Timer.cpp">
      <Filter>源文件\Framework\FunctionalLibrary\Time</Filter>
    </ClCompile>
    <ClCompile Include="TimeFormatter.cpp">
      <Filter>源文件\Framework\FunctionalLibrary\Time</Filter>
    </ClCompile>
    <ClCompile Include="Log.cpp">
      <Filter>源文件\Framework\FunctionalLibrary</Filter>
    </ClCompile>
  </ItemGroup>
</Project>